{
  "originHash" : "9f809216d636b6807d239249ae9e8d390520544511ad4b859cdc92cda645042e",
  "pins" : [
    {
      "identity" : "axswift",
      "kind" : "remoteSourceControl",
      "location" : "https://github.com/tmandry/AXSwift",
      "state" : {
        "revision" : "81dcc36aced905d6464cc25e35f8d13184bbf21c",
        "version" : "0.3.2"
      }
    },
    {
      "identity" : "keyboardshortcuts",
      "kind" : "remoteSourceControl",
      "location" : "https://github.com/sindresorhus/KeyboardShortcuts",
      "state" : {
        "revision" : "1aef85578fdd4f9eaeeb8d53b7b4fc31bf08fe27",
        "version" : "2.4.0"
      }
    },
    {
      "identity" : "launchatlogin-modern",
      "kind" : "remoteSourceControl",
      "location" : "https://github.com/sindresorhus/LaunchAtLogin-Modern",
      "state" : {
        "revision" : "a04ec1c363be3627734f6dad757d82f5d4fa8fcc",
        "version" : "1.1.0"
      }
    },
    {
      "identity" : "rxswift",
      "kind" : "remoteSourceControl",
      "location" : "https://github.com/ReactiveX/RxSwift",
      "state" : {
        "revision" : "132aea4f236ccadc51590b38af0357a331d51fa2",
        "version" : "6.10.2"
      }
    },
    {
      "identity" : "settings",
      "kind" : "remoteSourceControl",
      "location" : "https://github.com/sindresorhus/Settings",
      "state" : {
        "revision" : "f41475771f65379ca10852c95119a7f53f0de5a5",
        "version" : "3.1.2"
      }
    }
  ],
  "version" : 3
}
